
Microsoft Visual Studio Solution File, Format Version 12.00
# Visual Studio Version 17
VisualStudioVersion = 17.8.34330.188
MinimumVisualStudioVersion = 10.0.40219.1
Project("{FAE04EC0-301F-11D3-BF4B-00C04F79EFBC}") = "dz", "dz\dz.csproj", "{3A71C67D-475F-4B2B-ACCA-F607582C0840}"
EndProject
Project("{FAE04EC0-301F-11D3-BF4B-00C04F79EFBC}") = "Sorting an array in memory using the merge method", "Sorting an array in memory using the merge method\Sorting an array in memory using the merge method.csproj", "{6670258A-FC62-4CDA-99DA-37E685AD3B0B}"
EndProject
Global
	GlobalSection(SolutionConfigurationPlatforms) = preSolution
		Debug|Any CPU = Debug|Any CPU
		Release|Any CPU = Release|Any CPU
	EndGlobalSection
	GlobalSection(ProjectConfigurationPlatforms) = postSolution
		{3A71C67D-475F-4B2B-ACCA-F607582C0840}.Debug|Any CPU.ActiveCfg = Debug|Any CPU
		{3A71C67D-475F-4B2B-ACCA-F607582C0840}.Debug|Any CPU.Build.0 = Debug|Any CPU
		{3A71C67D-475F-4B2B-ACCA-F607582C0840}.Release|Any CPU.ActiveCfg = Release|Any CPU
		{3A71C67D-475F-4B2B-ACCA-F607582C0840}.Release|Any CPU.Build.0 = Release|Any CPU
		{6670258A-FC62-4CDA-99DA-37E685AD3B0B}.Debug|Any CPU.ActiveCfg = Debug|Any CPU
		{6670258A-FC62-4CDA-99DA-37E685AD3B0B}.Debug|Any CPU.Build.0 = Debug|Any CPU
		{6670258A-FC62-4CDA-99DA-37E685AD3B0B}.Release|Any CPU.ActiveCfg = Release|Any CPU
		{6670258A-FC62-4CDA-99DA-37E685AD3B0B}.Release|Any CPU.Build.0 = Release|Any CPU
	EndGlobalSection
	GlobalSection(SolutionProperties) = preSolution
		HideSolutionNode = FALSE
	EndGlobalSection
	GlobalSection(ExtensibilityGlobals) = postSolution
		SolutionGuid = {B1AC2D24-EA9E-4242-8FD4-8EE52B3946B6}
	EndGlobalSection
EndGlobal
